<Solution>
  <Project Path="AbstractFactoryPattern.NuclearFacilityMonitoringSystem/AbstractFactoryPattern.NuclearFacilityMonitoringSystem.csproj" Id="11fbb8db-70bb-4aab-b23f-5c7ea3f4310d" />
  <Project Path="AdapterPattern.PaymentGateway/AdapterPattern.PaymentGateway.csproj" Id="38514858-c065-4be2-841d-7ea1fc3b2cdb" />
  <Project Path="BuilderPattern.AutonomousDroneMission/BuilderPattern.AutonomousDroneMission.csproj" Id="e74860c1-c7a5-4d3c-a5ae-61c61115c9cd" />
  <Project Path="CompositePattern.PowerGridControlSystem/CompositePattern.PowerGridControlSystem.csproj" Id="0fce1cc8-37d5-41cb-a7c3-e27e6f6caedb" />
  <Project Path="FacadePattern.RocketLaunchSystem/FacadePattern.RocketLaunchSystem.csproj" Id="c2bbaa87-e390-49eb-bc94-d2b63749b1a4" />
  <Project Path="FactoryMethodPattern.AutomotiveSensorProcessing/FactoryMethodPattern.AutomotiveSensorProcessing.csproj" Id="7efa343a-64b8-4289-8123-6dbab1e2effe" />
  <Project Path="ObserverPattern.ConcertTicketSystem/ObserverPattern.ConcertTicketSystem.csproj" Id="96b08e26-c0f7-4722-874d-15cddda84ad6" />
  <Project Path="ProxyPattern.IndustrialRobotSafetyDelegate/ProxyPattern.IndustrialRobotSafetyDelegate.csproj" Id="5d5b0f92-8100-4eb0-98db-d7c36a82bc96" />
  <Project Path="SingletonPattern.SatelliteStationCommandCenter/SingletonPattern.SatelliteStationCommandCenter.csproj" Id="a8e79e5d-ae28-4254-9958-679f53a9ac96" />
  <Project Path="StatePattern.EVChargingStateMachine/StatePattern.EVChargingStateMachine.csproj" Id="5b85bba5-724f-4ee4-af92-0b6dffa234cc" />
  <Project Path="StrategyPattern.ElectricVehicleEnergyManagement/StrategyPattern.ElectricVehicleEnergyManagement.csproj" Id="78f71856-6a13-4d95-ab8a-128bfd856d0a" />
  <Project Path="TemplateMethodPattern.SurgicalProcedureSystem/TemplateMethodPattern.SurgicalProcedureSystem.csproj" Id="5247c873-7df6-4e0d-8359-f4bf462413e2" />
  <Project Path="VisitorPattern.EnterpriseRoleGovernanceSystem/VisitorPattern.EnterpriseRoleGovernanceSystem.csproj" Id="95f0803d-e1a0-4cfc-97cf-85341aba742a" />
</Solution>
