<Solution>
  <Project Path="BuilderPattern.AutonomousDroneMission/BuilderPattern.AutonomousDroneMission.csproj" Id="e74860c1-c7a5-4d3c-a5ae-61c61115c9cd" />
  <Project Path="CompositePattern.PowerGridControlSystem/CompositePattern.PowerGridControlSystem.csproj" Id="0fce1cc8-37d5-41cb-a7c3-e27e6f6caedb" />
  <Project Path="FacadePattern.RocketLaunchSystem/FacadePattern.RocketLaunchSystem.csproj" Id="c2bbaa87-e390-49eb-bc94-d2b63749b1a4" />
  <Project Path="ObserverPattern.ConcertTicketSystem/ObserverPattern.ConcertTicketSystem.csproj" Id="96b08e26-c0f7-4722-874d-15cddda84ad6" />
  <Project Path="SingletonPattern.SatelliteStationCommandCenter/SingletonPattern.SatelliteStationCommandCenter.csproj" Id="a8e79e5d-ae28-4254-9958-679f53a9ac96" />
  <Project Path="VisitorPattern.EnterpriseRoleGovernanceSystem/VisitorPattern.EnterpriseRoleGovernanceSystem.csproj" Id="95f0803d-e1a0-4cfc-97cf-85341aba742a" />
</Solution>
